// !$*UTF8*$!
{
	archiveVersion = 1;
	classes = {
	};
	objectVersion = 46;
	objects = {

/* Begin PBXBuildFile section */
		295FCCF31CB78746003CB20F /* CCPoint.cpp in Sources */ = {isa = PBXBuildFile; fileRef = 295FCCF11CB78746003CB20F /* CCPoint.cpp */; };
		298D57731B7448DB00932F06 /* main.cpp in Sources */ = {isa = PBXBuildFile; fileRef = 298D57721B7448DB00932F06 /* main.cpp */; };
		29A65CDE1B789B3100B8CD0D /* GLUT.framework in Frameworks */ = {isa = PBXBuildFile; fileRef = 29A65CDC1B789B3100B8CD0D /* GLUT.framework */; };
		29A65CDF1B789B3100B8CD0D /* OpenGL.framework in Frameworks */ = {isa = PBXBuildFile; fileRef = 29A65CDD1B789B3100B8CD0D /* OpenGL.framework */; };
		29DAD7691CEC1E08001F8970 /* CCObject.cpp in Sources */ = {isa = PBXBuildFile; fileRef = 29DAD7671CEC1E08001F8970 /* CCObject.cpp */; };
		29E84C551CB3BB1100660A74 /* Foundation.framework in Frameworks */ = {isa = PBXBuildFile; fileRef = 29E84C541CB3BB1100660A74 /* Foundation.framework */; };
		29E84C561CB3BB1E00660A74 /* AppKit.framework in Frameworks */ = {isa = PBXBuildFile; fileRef = 29E84C521CB3BAFE00660A74 /* AppKit.framework */; };
		29EF1CF31CF2D6FD004FCB2E /* mglMatrix.cpp in Sources */ = {isa = PBXBuildFile; fileRef = 29EF1CF11CF2D6FD004FCB2E /* mglMatrix.cpp */; };
		29EF1CF61CF2DDC6004FCB2E /* MatrixStack.cpp in Sources */ = {isa = PBXBuildFile; fileRef = 29EF1CF41CF2DDC6004FCB2E /* MatrixStack.cpp */; };
		29EF1CF81CF2E569004FCB2E /* Matrix.cpp in Sources */ = {isa = PBXBuildFile; fileRef = 29EF1CEB1CF2D6A0004FCB2E /* Matrix.cpp */; };
		29EF1CF91CF2F626004FCB2E /* matrix_transform.cpp in Sources */ = {isa = PBXBuildFile; fileRef = 29EF1CED1CF2D6A0004FCB2E /* matrix_transform.cpp */; };
		29EF1CFA1CF2F64E004FCB2E /* Vector3.cpp in Sources */ = {isa = PBXBuildFile; fileRef = 29EF1CEF1CF2D6A0004FCB2E /* Vector3.cpp */; };
		29F157D91CEC013400724865 /* CCDictionary.cpp in Sources */ = {isa = PBXBuildFile; fileRef = 29F157D31CEC013400724865 /* CCDictionary.cpp */; };
		29F157DA1CEC013400724865 /* HashTable.cpp in Sources */ = {isa = PBXBuildFile; fileRef = 29F157D51CEC013400724865 /* HashTable.cpp */; };
		29F157DB1CEC013400724865 /* MutableData.cpp in Sources */ = {isa = PBXBuildFile; fileRef = 29F157D71CEC013400724865 /* MutableData.cpp */; };
		29F1BA0E1CBB3A71007DED42 /* CCGLProgram.cpp in Sources */ = {isa = PBXBuildFile; fileRef = 29F1BA0C1CBB3A71007DED42 /* CCGLProgram.cpp */; };
		29F1BA111CBB3D54007DED42 /* ccShaders.cpp in Sources */ = {isa = PBXBuildFile; fileRef = 29F1BA0F1CBB3D54007DED42 /* ccShaders.cpp */; };
		29F1BA171CBB4CCC007DED42 /* CCGeometry.cpp in Sources */ = {isa = PBXBuildFile; fileRef = 29F1BA151CBB4CCC007DED42 /* CCGeometry.cpp */; };
		F606311B1CEB6DC500F87496 /* CCShaderCache.cpp in Sources */ = {isa = PBXBuildFile; fileRef = F60631191CEB6DC500F87496 /* CCShaderCache.cpp */; };
		F64A5A761CF5F546008BE12C /* asset in Resources */ = {isa = PBXBuildFile; fileRef = F64A5A751CF5F546008BE12C /* asset */; };
		F6524CA01CC3C3640031019A /* CCNode.cpp in Sources */ = {isa = PBXBuildFile; fileRef = F6524C9E1CC3C3640031019A /* CCNode.cpp */; };
		F6524CA41CC3CD150031019A /* CCDirector.cpp in Sources */ = {isa = PBXBuildFile; fileRef = F6524CA21CC3CD150031019A /* CCDirector.cpp */; };
		F6524CA81CC3D1830031019A /* CCScene.cpp in Sources */ = {isa = PBXBuildFile; fileRef = F6524CA61CC3D1830031019A /* CCScene.cpp */; };
		F6FF03D21CBA9AF50008D770 /* CCSprite.mm in Sources */ = {isa = PBXBuildFile; fileRef = F6FF03D01CBA9AF50008D770 /* CCSprite.mm */; };
/* End PBXBuildFile section */

/* Begin PBXCopyFilesBuildPhase section */
		298D576D1B7448DB00932F06 /* CopyFiles */ = {
			isa = PBXCopyFilesBuildPhase;
			buildActionMask = 8;
			dstPath = asset;
			dstSubfolderSpec = 7;
			files = (
			);
			runOnlyForDeploymentPostprocessing = 1;
		};
/* End PBXCopyFilesBuildPhase section */

/* Begin PBXFileReference section */
		295FCCF11CB78746003CB20F /* CCPoint.cpp */ = {isa = PBXFileReference; fileEncoding = 4; lastKnownFileType = sourcecode.cpp.cpp; name = CCPoint.cpp; path = cocoa/CCPoint.cpp; sourceTree = "<group>"; };
		295FCCF21CB78746003CB20F /* CCPoint.h */ = {isa = PBXFileReference; fileEncoding = 4; lastKnownFileType = sourcecode.c.h; name = CCPoint.h; path = cocoa/CCPoint.h; sourceTree = "<group>"; };
		298D576F1B7448DB00932F06 /* gl02 */ = {isa = PBXFileReference; explicitFileType = "compiled.mach-o.executable"; includeInIndex = 0; path = gl02; sourceTree = BUILT_PRODUCTS_DIR; };
		298D57721B7448DB00932F06 /* main.cpp */ = {isa = PBXFileReference; lastKnownFileType = sourcecode.cpp.cpp; path = main.cpp; sourceTree = "<group>"; tabWidth = 4; wrapsLines = 1; };
		29A65CDC1B789B3100B8CD0D /* GLUT.framework */ = {isa = PBXFileReference; lastKnownFileType = wrapper.framework; name = GLUT.framework; path = System/Library/Frameworks/GLUT.framework; sourceTree = SDKROOT; };
		29A65CDD1B789B3100B8CD0D /* OpenGL.framework */ = {isa = PBXFileReference; lastKnownFileType = wrapper.framework; name = OpenGL.framework; path = System/Library/Frameworks/OpenGL.framework; sourceTree = SDKROOT; };
		29A65CE31B78A15D00B8CD0D /* LCommon.h */ = {isa = PBXFileReference; lastKnownFileType = sourcecode.c.h; path = LCommon.h; sourceTree = "<group>"; };
		29DAD7671CEC1E08001F8970 /* CCObject.cpp */ = {isa = PBXFileReference; fileEncoding = 4; lastKnownFileType = sourcecode.cpp.cpp; name = CCObject.cpp; path = cocoa/CCObject.cpp; sourceTree = "<group>"; };
		29DAD7681CEC1E08001F8970 /* CCObject.h */ = {isa = PBXFileReference; fileEncoding = 4; lastKnownFileType = sourcecode.c.h; name = CCObject.h; path = cocoa/CCObject.h; sourceTree = "<group>"; };
		29E84C521CB3BAFE00660A74 /* AppKit.framework */ = {isa = PBXFileReference; lastKnownFileType = wrapper.framework; name = AppKit.framework; path = System/Library/Frameworks/AppKit.framework; sourceTree = SDKROOT; };
		29E84C541CB3BB1100660A74 /* Foundation.framework */ = {isa = PBXFileReference; lastKnownFileType = wrapper.framework; name = Foundation.framework; path = System/Library/Frameworks/Foundation.framework; sourceTree = SDKROOT; };
		29EF1CEB1CF2D6A0004FCB2E /* Matrix.cpp */ = {isa = PBXFileReference; lastKnownFileType = sourcecode.cpp.cpp; path = Matrix.cpp; sourceTree = "<group>"; };
		29EF1CEC1CF2D6A0004FCB2E /* Matrix.h */ = {isa = PBXFileReference; lastKnownFileType = sourcecode.c.h; path = Matrix.h; sourceTree = "<group>"; };
		29EF1CED1CF2D6A0004FCB2E /* matrix_transform.cpp */ = {isa = PBXFileReference; lastKnownFileType = sourcecode.cpp.cpp; path = matrix_transform.cpp; sourceTree = "<group>"; };
		29EF1CEE1CF2D6A0004FCB2E /* matrix_transform.h */ = {isa = PBXFileReference; lastKnownFileType = sourcecode.c.h; path = matrix_transform.h; sourceTree = "<group>"; };
		29EF1CEF1CF2D6A0004FCB2E /* Vector3.cpp */ = {isa = PBXFileReference; lastKnownFileType = sourcecode.cpp.cpp; path = Vector3.cpp; sourceTree = "<group>"; };
		29EF1CF01CF2D6A0004FCB2E /* Vector3.h */ = {isa = PBXFileReference; lastKnownFileType = sourcecode.c.h; path = Vector3.h; sourceTree = "<group>"; };
		29EF1CF11CF2D6FD004FCB2E /* mglMatrix.cpp */ = {isa = PBXFileReference; fileEncoding = 4; lastKnownFileType = sourcecode.cpp.cpp; path = mglMatrix.cpp; sourceTree = "<group>"; };
		29EF1CF21CF2D6FD004FCB2E /* mglMatrix.h */ = {isa = PBXFileReference; fileEncoding = 4; lastKnownFileType = sourcecode.c.h; path = mglMatrix.h; sourceTree = "<group>"; };
		29EF1CF41CF2DDC6004FCB2E /* MatrixStack.cpp */ = {isa = PBXFileReference; fileEncoding = 4; lastKnownFileType = sourcecode.cpp.cpp; path = MatrixStack.cpp; sourceTree = "<group>"; };
		29EF1CF51CF2DDC6004FCB2E /* MatrixStack.h */ = {isa = PBXFileReference; fileEncoding = 4; lastKnownFileType = sourcecode.c.h; path = MatrixStack.h; sourceTree = "<group>"; };
		29F157D31CEC013400724865 /* CCDictionary.cpp */ = {isa = PBXFileReference; fileEncoding = 4; lastKnownFileType = sourcecode.cpp.cpp; path = CCDictionary.cpp; sourceTree = "<group>"; };
		29F157D41CEC013400724865 /* CCDictionary.h */ = {isa = PBXFileReference; fileEncoding = 4; lastKnownFileType = sourcecode.c.h; path = CCDictionary.h; sourceTree = "<group>"; };
		29F157D51CEC013400724865 /* HashTable.cpp */ = {isa = PBXFileReference; fileEncoding = 4; lastKnownFileType = sourcecode.cpp.cpp; path = HashTable.cpp; sourceTree = "<group>"; };
		29F157D61CEC013400724865 /* HashTable.h */ = {isa = PBXFileReference; fileEncoding = 4; lastKnownFileType = sourcecode.c.h; path = HashTable.h; sourceTree = "<group>"; };
		29F157D71CEC013400724865 /* MutableData.cpp */ = {isa = PBXFileReference; fileEncoding = 4; lastKnownFileType = sourcecode.cpp.cpp; path = MutableData.cpp; sourceTree = "<group>"; };
		29F157D81CEC013400724865 /* MutableData.h */ = {isa = PBXFileReference; fileEncoding = 4; lastKnownFileType = sourcecode.c.h; path = MutableData.h; sourceTree = "<group>"; };
		29F1BA0C1CBB3A71007DED42 /* CCGLProgram.cpp */ = {isa = PBXFileReference; fileEncoding = 4; lastKnownFileType = sourcecode.cpp.cpp; path = CCGLProgram.cpp; sourceTree = "<group>"; };
		29F1BA0D1CBB3A71007DED42 /* CCGLProgram.h */ = {isa = PBXFileReference; fileEncoding = 4; lastKnownFileType = sourcecode.c.h; path = CCGLProgram.h; sourceTree = "<group>"; };
		29F1BA0F1CBB3D54007DED42 /* ccShaders.cpp */ = {isa = PBXFileReference; fileEncoding = 4; lastKnownFileType = sourcecode.cpp.cpp; path = ccShaders.cpp; sourceTree = "<group>"; };
		29F1BA101CBB3D54007DED42 /* ccShaders.h */ = {isa = PBXFileReference; fileEncoding = 4; lastKnownFileType = sourcecode.c.h; path = ccShaders.h; sourceTree = "<group>"; };
		29F1BA131CBB3E81007DED42 /* ccShader_PositionTextureColor_vert.h */ = {isa = PBXFileReference; lastKnownFileType = sourcecode.c.h; path = ccShader_PositionTextureColor_vert.h; sourceTree = "<group>"; };
		29F1BA141CBB3EB3007DED42 /* ccShader_PositionTextureColor_frag.h */ = {isa = PBXFileReference; lastKnownFileType = sourcecode.c.h; path = ccShader_PositionTextureColor_frag.h; sourceTree = "<group>"; };
		29F1BA151CBB4CCC007DED42 /* CCGeometry.cpp */ = {isa = PBXFileReference; fileEncoding = 4; lastKnownFileType = sourcecode.cpp.cpp; name = CCGeometry.cpp; path = cocoa/CCGeometry.cpp; sourceTree = "<group>"; };
		29F1BA161CBB4CCC007DED42 /* CCGeometry.h */ = {isa = PBXFileReference; fileEncoding = 4; lastKnownFileType = sourcecode.c.h; name = CCGeometry.h; path = cocoa/CCGeometry.h; sourceTree = "<group>"; };
		F60631191CEB6DC500F87496 /* CCShaderCache.cpp */ = {isa = PBXFileReference; fileEncoding = 4; lastKnownFileType = sourcecode.cpp.cpp; path = CCShaderCache.cpp; sourceTree = "<group>"; };
		F606311A1CEB6DC500F87496 /* CCShaderCache.h */ = {isa = PBXFileReference; fileEncoding = 4; lastKnownFileType = sourcecode.c.h; path = CCShaderCache.h; sourceTree = "<group>"; };
		F64A5A751CF5F546008BE12C /* asset */ = {isa = PBXFileReference; lastKnownFileType = folder; path = asset; sourceTree = "<group>"; };
		F6524C9E1CC3C3640031019A /* CCNode.cpp */ = {isa = PBXFileReference; fileEncoding = 4; lastKnownFileType = sourcecode.cpp.cpp; path = CCNode.cpp; sourceTree = "<group>"; };
		F6524C9F1CC3C3640031019A /* CCNode.h */ = {isa = PBXFileReference; fileEncoding = 4; lastKnownFileType = sourcecode.c.h; path = CCNode.h; sourceTree = "<group>"; };
		F6524CA21CC3CD150031019A /* CCDirector.cpp */ = {isa = PBXFileReference; fileEncoding = 4; lastKnownFileType = sourcecode.cpp.cpp; path = CCDirector.cpp; sourceTree = "<group>"; };
		F6524CA31CC3CD150031019A /* CCDirector.h */ = {isa = PBXFileReference; fileEncoding = 4; lastKnownFileType = sourcecode.c.h; path = CCDirector.h; sourceTree = "<group>"; };
		F6524CA61CC3D1830031019A /* CCScene.cpp */ = {isa = PBXFileReference; fileEncoding = 4; lastKnownFileType = sourcecode.cpp.cpp; path = CCScene.cpp; sourceTree = "<group>"; };
		F6524CA71CC3D1830031019A /* CCScene.h */ = {isa = PBXFileReference; fileEncoding = 4; lastKnownFileType = sourcecode.c.h; path = CCScene.h; sourceTree = "<group>"; };
		F6FF03D01CBA9AF50008D770 /* CCSprite.mm */ = {isa = PBXFileReference; fileEncoding = 4; lastKnownFileType = sourcecode.cpp.objcpp; path = CCSprite.mm; sourceTree = "<group>"; };
		F6FF03D11CBA9AF50008D770 /* CCSprite.h */ = {isa = PBXFileReference; fileEncoding = 4; lastKnownFileType = sourcecode.c.h; path = CCSprite.h; sourceTree = "<group>"; };
		F6FF03D51CBAB1C20008D770 /* ccTypes.h */ = {isa = PBXFileReference; lastKnownFileType = sourcecode.c.h; path = ccTypes.h; sourceTree = "<group>"; };
/* End PBXFileReference section */

/* Begin PBXFrameworksBuildPhase section */
		298D576C1B7448DB00932F06 /* Frameworks */ = {
			isa = PBXFrameworksBuildPhase;
			buildActionMask = 2147483647;
			files = (
				29E84C561CB3BB1E00660A74 /* AppKit.framework in Frameworks */,
				29E84C551CB3BB1100660A74 /* Foundation.framework in Frameworks */,
				29A65CDE1B789B3100B8CD0D /* GLUT.framework in Frameworks */,
				29A65CDF1B789B3100B8CD0D /* OpenGL.framework in Frameworks */,
			);
			runOnlyForDeploymentPostprocessing = 0;
		};
/* End PBXFrameworksBuildPhase section */

/* Begin PBXGroup section */
		295FCCF01CB78703003CB20F /* cocoa */ = {
			isa = PBXGroup;
			children = (
				295FCCF11CB78746003CB20F /* CCPoint.cpp */,
				295FCCF21CB78746003CB20F /* CCPoint.h */,
				29F1BA151CBB4CCC007DED42 /* CCGeometry.cpp */,
				29F1BA161CBB4CCC007DED42 /* CCGeometry.h */,
				29DAD7671CEC1E08001F8970 /* CCObject.cpp */,
				29DAD7681CEC1E08001F8970 /* CCObject.h */,
			);
			name = cocoa;
			sourceTree = "<group>";
		};
		298D57661B7448DB00932F06 = {
			isa = PBXGroup;
			children = (
				F6524CA11CC3C5E10031019A /* Frameworks */,
				298D57711B7448DB00932F06 /* gl02 */,
				298D57701B7448DB00932F06 /* Products */,
				F64A5A6B1CF5F52F008BE12C /* Resources */,
			);
			sourceTree = "<group>";
		};
		298D57701B7448DB00932F06 /* Products */ = {
			isa = PBXGroup;
			children = (
				298D576F1B7448DB00932F06 /* gl02 */,
			);
			name = Products;
			sourceTree = "<group>";
		};
		298D57711B7448DB00932F06 /* gl02 */ = {
			isa = PBXGroup;
			children = (
				29EF1CEA1CF2D6A0004FCB2E /* matrix_transform */,
				29F157D21CEC013400724865 /* data_types */,
				F6524CA51CC3D16B0031019A /* layers_scenes_transitions_nodes */,
				29F1BA0B1CBB3A53007DED42 /* shaders */,
				F6FF03D41CBAB1AE0008D770 /* include */,
				F6FF03CE1CBA9AC20008D770 /* sprite_nodes */,
				F6524C9D1CC3C30F0031019A /* base_nodes */,
				295FCCF01CB78703003CB20F /* cocoa */,
				298D57721B7448DB00932F06 /* main.cpp */,
				29A65CE31B78A15D00B8CD0D /* LCommon.h */,
				F6524CA21CC3CD150031019A /* CCDirector.cpp */,
				F6524CA31CC3CD150031019A /* CCDirector.h */,
			);
			path = gl02;
			sourceTree = "<group>";
		};
		29EF1CEA1CF2D6A0004FCB2E /* matrix_transform */ = {
			isa = PBXGroup;
			children = (
				29EF1CF71CF2E40C004FCB2E /* GL */,
				29EF1CEB1CF2D6A0004FCB2E /* Matrix.cpp */,
				29EF1CEC1CF2D6A0004FCB2E /* Matrix.h */,
				29EF1CED1CF2D6A0004FCB2E /* matrix_transform.cpp */,
				29EF1CEE1CF2D6A0004FCB2E /* matrix_transform.h */,
				29EF1CEF1CF2D6A0004FCB2E /* Vector3.cpp */,
				29EF1CF01CF2D6A0004FCB2E /* Vector3.h */,
				29EF1CF41CF2DDC6004FCB2E /* MatrixStack.cpp */,
				29EF1CF51CF2DDC6004FCB2E /* MatrixStack.h */,
			);
			path = matrix_transform;
			sourceTree = "<group>";
		};
		29EF1CF71CF2E40C004FCB2E /* GL */ = {
			isa = PBXGroup;
			children = (
				29EF1CF11CF2D6FD004FCB2E /* mglMatrix.cpp */,
				29EF1CF21CF2D6FD004FCB2E /* mglMatrix.h */,
			);
			name = GL;
			sourceTree = "<group>";
		};
		29F157D21CEC013400724865 /* data_types */ = {
			isa = PBXGroup;
			children = (
				29F157D31CEC013400724865 /* CCDictionary.cpp */,
				29F157D41CEC013400724865 /* CCDictionary.h */,
				29F157D51CEC013400724865 /* HashTable.cpp */,
				29F157D61CEC013400724865 /* HashTable.h */,
				29F157D71CEC013400724865 /* MutableData.cpp */,
				29F157D81CEC013400724865 /* MutableData.h */,
			);
			path = data_types;
			sourceTree = "<group>";
		};
		29F1BA0B1CBB3A53007DED42 /* shaders */ = {
			isa = PBXGroup;
			children = (
				29F1BA141CBB3EB3007DED42 /* ccShader_PositionTextureColor_frag.h */,
				29F1BA131CBB3E81007DED42 /* ccShader_PositionTextureColor_vert.h */,
				29F1BA0C1CBB3A71007DED42 /* CCGLProgram.cpp */,
				29F1BA0D1CBB3A71007DED42 /* CCGLProgram.h */,
				29F1BA0F1CBB3D54007DED42 /* ccShaders.cpp */,
				29F1BA101CBB3D54007DED42 /* ccShaders.h */,
				F60631191CEB6DC500F87496 /* CCShaderCache.cpp */,
				F606311A1CEB6DC500F87496 /* CCShaderCache.h */,
			);
			path = shaders;
			sourceTree = "<group>";
		};
		F64A5A6B1CF5F52F008BE12C /* Resources */ = {
			isa = PBXGroup;
			children = (
				F64A5A751CF5F546008BE12C /* asset */,
			);
			path = Resources;
			sourceTree = "<group>";
		};
		F6524C9D1CC3C30F0031019A /* base_nodes */ = {
			isa = PBXGroup;
			children = (
				F6524C9E1CC3C3640031019A /* CCNode.cpp */,
				F6524C9F1CC3C3640031019A /* CCNode.h */,
			);
			path = base_nodes;
			sourceTree = "<group>";
		};
		F6524CA11CC3C5E10031019A /* Frameworks */ = {
			isa = PBXGroup;
			children = (
				29A65CDD1B789B3100B8CD0D /* OpenGL.framework */,
				29A65CDC1B789B3100B8CD0D /* GLUT.framework */,
				29E84C541CB3BB1100660A74 /* Foundation.framework */,
				29E84C521CB3BAFE00660A74 /* AppKit.framework */,
			);
			name = Frameworks;
			sourceTree = "<group>";
		};
		F6524CA51CC3D16B0031019A /* layers_scenes_transitions_nodes */ = {
			isa = PBXGroup;
			children = (
				F6524CA61CC3D1830031019A /* CCScene.cpp */,
				F6524CA71CC3D1830031019A /* CCScene.h */,
			);
			path = layers_scenes_transitions_nodes;
			sourceTree = "<group>";
		};
		F6FF03CE1CBA9AC20008D770 /* sprite_nodes */ = {
			isa = PBXGroup;
			children = (
				F6FF03D01CBA9AF50008D770 /* CCSprite.mm */,
				F6FF03D11CBA9AF50008D770 /* CCSprite.h */,
			);
			path = sprite_nodes;
			sourceTree = "<group>";
		};
		F6FF03D41CBAB1AE0008D770 /* include */ = {
			isa = PBXGroup;
			children = (
				F6FF03D51CBAB1C20008D770 /* ccTypes.h */,
			);
			path = include;
			sourceTree = "<group>";
		};
/* End PBXGroup section */

/* Begin PBXNativeTarget section */
		298D576E1B7448DB00932F06 /* gl02 */ = {
			isa = PBXNativeTarget;
			buildConfigurationList = 298D57761B7448DB00932F06 /* Build configuration list for PBXNativeTarget "gl02" */;
			buildPhases = (
				298D576B1B7448DB00932F06 /* Sources */,
				298D576D1B7448DB00932F06 /* CopyFiles */,
				298D576C1B7448DB00932F06 /* Frameworks */,
				F64A5A661CF5EE39008BE12C /* Resources */,
			);
			buildRules = (
			);
			dependencies = (
			);
			name = gl02;
			productName = gl02;
			productReference = 298D576F1B7448DB00932F06 /* gl02 */;
			productType = "com.apple.product-type.tool";
		};
/* End PBXNativeTarget section */

/* Begin PBXProject section */
		298D57671B7448DB00932F06 /* Project object */ = {
			isa = PBXProject;
			attributes = {
				LastUpgradeCheck = 0640;
				ORGANIZATIONNAME = "鲁飞";
				TargetAttributes = {
					298D576E1B7448DB00932F06 = {
						CreatedOnToolsVersion = 6.4;
					};
				};
			};
			buildConfigurationList = 298D576A1B7448DB00932F06 /* Build configuration list for PBXProject "gl02" */;
			compatibilityVersion = "Xcode 3.2";
			developmentRegion = English;
			hasScannedForEncodings = 0;
			knownRegions = (
				en,
			);
			mainGroup = 298D57661B7448DB00932F06;
			productRefGroup = 298D57701B7448DB00932F06 /* Products */;
			projectDirPath = "";
			projectRoot = "";
			targets = (
				298D576E1B7448DB00932F06 /* gl02 */,
			);
		};
/* End PBXProject section */

/* Begin PBXResourcesBuildPhase section */
		F64A5A661CF5EE39008BE12C /* Resources */ = {
			isa = PBXResourcesBuildPhase;
			buildActionMask = 2147483647;
			files = (
				F64A5A761CF5F546008BE12C /* asset in Resources */,
			);
			runOnlyForDeploymentPostprocessing = 0;
		};
/* End PBXResourcesBuildPhase section */

/* Begin PBXSourcesBuildPhase section */
		298D576B1B7448DB00932F06 /* Sources */ = {
			isa = PBXSourcesBuildPhase;
			buildActionMask = 2147483647;
			files = (
				29EF1CFA1CF2F64E004FCB2E /* Vector3.cpp in Sources */,
				29EF1CF91CF2F626004FCB2E /* matrix_transform.cpp in Sources */,
				29EF1CF81CF2E569004FCB2E /* Matrix.cpp in Sources */,
				29F1BA0E1CBB3A71007DED42 /* CCGLProgram.cpp in Sources */,
				29F157D91CEC013400724865 /* CCDictionary.cpp in Sources */,
				29F157DA1CEC013400724865 /* HashTable.cpp in Sources */,
				29EF1CF31CF2D6FD004FCB2E /* mglMatrix.cpp in Sources */,
				F6524CA81CC3D1830031019A /* CCScene.cpp in Sources */,
				F6524CA41CC3CD150031019A /* CCDirector.cpp in Sources */,
				29F157DB1CEC013400724865 /* MutableData.cpp in Sources */,
				29F1BA111CBB3D54007DED42 /* ccShaders.cpp in Sources */,
				295FCCF31CB78746003CB20F /* CCPoint.cpp in Sources */,
				F6FF03D21CBA9AF50008D770 /* CCSprite.mm in Sources */,
				298D57731B7448DB00932F06 /* main.cpp in Sources */,
				29EF1CF61CF2DDC6004FCB2E /* MatrixStack.cpp in Sources */,
				29DAD7691CEC1E08001F8970 /* CCObject.cpp in Sources */,
				F606311B1CEB6DC500F87496 /* CCShaderCache.cpp in Sources */,
				29F1BA171CBB4CCC007DED42 /* CCGeometry.cpp in Sources */,
				F6524CA01CC3C3640031019A /* CCNode.cpp in Sources */,
			);
			runOnlyForDeploymentPostprocessing = 0;
		};
/* End PBXSourcesBuildPhase section */

/* Begin XCBuildConfiguration section */
		298D57741B7448DB00932F06 /* Debug */ = {
			isa = XCBuildConfiguration;
			buildSettings = {
				ALWAYS_SEARCH_USER_PATHS = NO;
				CLANG_CXX_LANGUAGE_STANDARD = "c++0x";
				CLANG_CXX_LIBRARY = "libc++";
				CLANG_ENABLE_MODULES = YES;
				CLANG_ENABLE_OBJC_ARC = YES;
				CLANG_WARN_BOOL_CONVERSION = YES;
				CLANG_WARN_CONSTANT_CONVERSION = YES;
				CLANG_WARN_DIRECT_OBJC_ISA_USAGE = YES_ERROR;
				CLANG_WARN_EMPTY_BODY = YES;
				CLANG_WARN_ENUM_CONVERSION = YES;
				CLANG_WARN_INT_CONVERSION = YES;
				CLANG_WARN_OBJC_ROOT_CLASS = YES_ERROR;
				CLANG_WARN_UNREACHABLE_CODE = YES;
				CLANG_WARN__DUPLICATE_METHOD_MATCH = YES;
				COPY_PHASE_STRIP = NO;
				DEBUG_INFORMATION_FORMAT = dwarf;
				ENABLE_STRICT_OBJC_MSGSEND = YES;
				GCC_C_LANGUAGE_STANDARD = gnu99;
				GCC_DYNAMIC_NO_PIC = NO;
				GCC_NO_COMMON_BLOCKS = YES;
				GCC_OPTIMIZATION_LEVEL = 0;
				GCC_PREPROCESSOR_DEFINITIONS = "";
				GCC_SYMBOLS_PRIVATE_EXTERN = NO;
				GCC_WARN_64_TO_32_BIT_CONVERSION = YES;
				GCC_WARN_ABOUT_RETURN_TYPE = YES_ERROR;
				GCC_WARN_UNDECLARED_SELECTOR = YES;
				GCC_WARN_UNINITIALIZED_AUTOS = YES_AGGRESSIVE;
				GCC_WARN_UNUSED_FUNCTION = YES;
				GCC_WARN_UNUSED_VARIABLE = YES;
				HEADER_SEARCH_PATHS = "\"$(SRCROOT)/gl02/kazmath/include\"";
				MACOSX_DEPLOYMENT_TARGET = 10.10;
				MTL_ENABLE_DEBUG_INFO = YES;
				ONLY_ACTIVE_ARCH = YES;
				SDKROOT = macosx;
			};
			name = Debug;
		};
		298D57751B7448DB00932F06 /* Release */ = {
			isa = XCBuildConfiguration;
			buildSettings = {
				ALWAYS_SEARCH_USER_PATHS = NO;
				CLANG_CXX_LANGUAGE_STANDARD = "c++0x";
				CLANG_CXX_LIBRARY = "libc++";
				CLANG_ENABLE_MODULES = YES;
				CLANG_ENABLE_OBJC_ARC = YES;
				CLANG_WARN_BOOL_CONVERSION = YES;
				CLANG_WARN_CONSTANT_CONVERSION = YES;
				CLANG_WARN_DIRECT_OBJC_ISA_USAGE = YES_ERROR;
				CLANG_WARN_EMPTY_BODY = YES;
				CLANG_WARN_ENUM_CONVERSION = YES;
				CLANG_WARN_INT_CONVERSION = YES;
				CLANG_WARN_OBJC_ROOT_CLASS = YES_ERROR;
				CLANG_WARN_UNREACHABLE_CODE = YES;
				CLANG_WARN__DUPLICATE_METHOD_MATCH = YES;
				COPY_PHASE_STRIP = NO;
				DEBUG_INFORMATION_FORMAT = "dwarf-with-dsym";
				ENABLE_NS_ASSERTIONS = NO;
				ENABLE_STRICT_OBJC_MSGSEND = YES;
				GCC_C_LANGUAGE_STANDARD = gnu99;
				GCC_NO_COMMON_BLOCKS = YES;
				GCC_PREPROCESSOR_DEFINITIONS = "";
				GCC_WARN_64_TO_32_BIT_CONVERSION = YES;
				GCC_WARN_ABOUT_RETURN_TYPE = YES_ERROR;
				GCC_WARN_UNDECLARED_SELECTOR = YES;
				GCC_WARN_UNINITIALIZED_AUTOS = YES_AGGRESSIVE;
				GCC_WARN_UNUSED_FUNCTION = YES;
				GCC_WARN_UNUSED_VARIABLE = YES;
				HEADER_SEARCH_PATHS = "\"$(SRCROOT)/gl02/kazmath/include\"";
				MACOSX_DEPLOYMENT_TARGET = 10.10;
				MTL_ENABLE_DEBUG_INFO = NO;
				SDKROOT = macosx;
			};
			name = Release;
		};
		298D57771B7448DB00932F06 /* Debug */ = {
			isa = XCBuildConfiguration;
			buildSettings = {
				PRODUCT_NAME = "$(TARGET_NAME)";
			};
			name = Debug;
		};
		298D57781B7448DB00932F06 /* Release */ = {
			isa = XCBuildConfiguration;
			buildSettings = {
				PRODUCT_NAME = "$(TARGET_NAME)";
			};
			name = Release;
		};
/* End XCBuildConfiguration section */

/* Begin XCConfigurationList section */
		298D576A1B7448DB00932F06 /* Build configuration list for PBXProject "gl02" */ = {
			isa = XCConfigurationList;
			buildConfigurations = (
				298D57741B7448DB00932F06 /* Debug */,
				298D57751B7448DB00932F06 /* Release */,
			);
			defaultConfigurationIsVisible = 0;
			defaultConfigurationName = Release;
		};
		298D57761B7448DB00932F06 /* Build configuration list for PBXNativeTarget "gl02" */ = {
			isa = XCConfigurationList;
			buildConfigurations = (
				298D57771B7448DB00932F06 /* Debug */,
				298D57781B7448DB00932F06 /* Release */,
			);
			defaultConfigurationIsVisible = 0;
			defaultConfigurationName = Release;
		};
/* End XCConfigurationList section */
	};
	rootObject = 298D57671B7448DB00932F06 /* Project object */;
}
